<?xml version="1.0" encoding="utf-8"?>
<Project ToolsVersion="4.0" xmlns="http://schemas.microsoft.com/developer/msbuild/2003">
  <ItemGroup>
    <Filter Include="Util">
      <UniqueIdentifier>{643a69d9-0080-4b81-873d-6f112f263940}</UniqueIdentifier>
    </Filter>
    <Filter Include="Renderer">
      <UniqueIdentifier>{ddbfcae2-c982-42d4-b1f6-f4919187eb24}</UniqueIdentifier>
    </Filter>
    <Filter Include="Scene">
      <UniqueIdentifier>{4e9171bd-c266-44df-8ce2-da1435959948}</UniqueIdentifier>
    </Filter>
    <Filter Include="Scene\Grid">
      <UniqueIdentifier>{ac6dc7af-cee2-43e1-b66c-08b65e9f3869}</UniqueIdentifier>
    </Filter>
    <Filter Include="Scene\Grid\Entities">
      <UniqueIdentifier>{fa3901af-12e8-4f77-9f30-566906026f88}</UniqueIdentifier>
    </Filter>
    <Filter Include="Scene\Grid\Item">
      <UniqueIdentifier>{9e3ad025-2bd3-4dfb-9f04-933d607cf270}</UniqueIdentifier>
    </Filter>
    <Filter Include="Scene\Grid\Utility">
      <UniqueIdentifier>{40cbfeba-c596-454e-a84d-8be7283e1206}</UniqueIdentifier>
    </Filter>
    <Filter Include="Input">
      <UniqueIdentifier>{4abbe1e1-2ddc-41cf-b5a7-fd9f66756209}</UniqueIdentifier>
    </Filter>
    <Filter Include="Command">
      <UniqueIdentifier>{740c71d0-64b0-45a8-8100-d839b88502e8}</UniqueIdentifier>
    </Filter>
    <Filter Include="AppHost">
      <UniqueIdentifier>{2c870289-bee9-48f5-be36-fdbcd3061560}</UniqueIdentifier>
    </Filter>
    <Filter Include="AppHost\Console">
      <UniqueIdentifier>{d704bdeb-98e1-402e-b5a8-1fd3724ed7e4}</UniqueIdentifier>
    </Filter>
    <Filter Include="Profiler">
      <UniqueIdentifier>{0e10002d-33c3-4dfb-aaf5-7b2ac024ad70}</UniqueIdentifier>
    </Filter>
    <Filter Include="Input\Console">
      <UniqueIdentifier>{1751f933-dd73-4f8c-b248-80f516d0d4e5}</UniqueIdentifier>
    </Filter>
    <Filter Include="Renderer\Console">
      <UniqueIdentifier>{c0703a6a-3055-4dc8-9396-95d5e6a067b7}</UniqueIdentifier>
    </Filter>
  </ItemGroup>
  <ItemGroup>
    <ClCompile Include="Grid.cpp">
      <Filter>Scene\Grid</Filter>
    </ClCompile>
    <ClCompile Include="Sequence.cpp">
      <Filter>Scene\Grid\Utility</Filter>
    </ClCompile>
    <ClCompile Include="Conveyor.cpp">
      <Filter>Scene\Grid\Entities</Filter>
    </ClCompile>
    <ClCompile Include="Producer.cpp">
      <Filter>Scene\Grid\Entities</Filter>
    </ClCompile>
    <ClCompile Include="Junction.cpp">
      <Filter>Scene\Grid\Entities</Filter>
    </ClCompile>
    <ClCompile Include="Underground.cpp">
      <Filter>Scene\Grid\Entities</Filter>
    </ClCompile>
    <ClCompile Include="TargetingUtility.cpp">
      <Filter>Scene\Grid\Utility</Filter>
    </ClCompile>
    <ClCompile Include="Renderer.cpp">
      <Filter>Renderer</Filter>
    </ClCompile>
    <ClCompile Include="Simulator.cpp">
      <Filter>Scene</Filter>
    </ClCompile>
    <ClCompile Include="FileReader.cpp">
      <Filter>Util</Filter>
    </ClCompile>
    <ClCompile Include="SwapChain.cpp">
      <Filter>Renderer</Filter>
    </ClCompile>
    <ClCompile Include="Command.cpp">
      <Filter>Command</Filter>
    </ClCompile>
    <ClCompile Include="FrameLimiter.cpp">
      <Filter>Profiler</Filter>
    </ClCompile>
    <ClCompile Include="Profiler.cpp">
      <Filter>Profiler</Filter>
    </ClCompile>
    <ClCompile Include="Game.cpp" />
    <ClCompile Include="ConsoleAppHost.cpp">
      <Filter>AppHost\Console</Filter>
    </ClCompile>
    <ClCompile Include="ConsoleInput.cpp">
      <Filter>Input\Console</Filter>
    </ClCompile>
    <ClCompile Include="ConsoleWriteSurface.cpp">
      <Filter>Renderer\Console</Filter>
    </ClCompile>
    <ClCompile Include="ConsoleScreenBuffer.cpp">
      <Filter>Renderer\Console</Filter>
    </ClCompile>
  </ItemGroup>
  <ItemGroup>
    <ClInclude Include="vector_set.h">
      <Filter>Util</Filter>
    </ClInclude>
    <ClInclude Include="Grid.h">
      <Filter>Scene\Grid</Filter>
    </ClInclude>
    <ClInclude Include="Entity.h">
      <Filter>Scene\Grid\Entities</Filter>
    </ClInclude>
    <ClInclude Include="Conveyor.h">
      <Filter>Scene\Grid\Entities</Filter>
    </ClInclude>
    <ClInclude Include="Producer.h">
      <Filter>Scene\Grid\Entities</Filter>
    </ClInclude>
    <ClInclude Include="Item.h">
      <Filter>Scene\Grid\Item</Filter>
    </ClInclude>
    <ClInclude Include="Sequence.h">
      <Filter>Scene\Grid\Utility</Filter>
    </ClInclude>
    <ClInclude Include="Junction.h">
      <Filter>Scene\Grid\Entities</Filter>
    </ClInclude>
    <ClInclude Include="Underground.h">
      <Filter>Scene\Grid\Entities</Filter>
    </ClInclude>
    <ClInclude Include="TargetingUtility.h">
      <Filter>Scene\Grid\Utility</Filter>
    </ClInclude>
    <ClInclude Include="Renderer.h">
      <Filter>Renderer</Filter>
    </ClInclude>
    <ClInclude Include="RenderContext.h">
      <Filter>Renderer</Filter>
    </ClInclude>
    <ClInclude Include="Simulator.h">
      <Filter>Scene</Filter>
    </ClInclude>
    <ClInclude Include="SceneContext.h">
      <Filter>Scene</Filter>
    </ClInclude>
    <ClInclude Include="Enums.h">
      <Filter>Util</Filter>
    </ClInclude>
    <ClInclude Include="Position.h">
      <Filter>Util</Filter>
    </ClInclude>
    <ClInclude Include="FileReader.h">
      <Filter>Util</Filter>
    </ClInclude>
    <ClInclude Include="SwapChain.h">
      <Filter>Renderer</Filter>
    </ClInclude>
    <ClInclude Include="Direction.h">
      <Filter>Util</Filter>
    </ClInclude>
    <ClInclude Include="Input.h">
      <Filter>Input</Filter>
    </ClInclude>
    <ClInclude Include="InputCommand.h">
      <Filter>Command</Filter>
    </ClInclude>
    <ClInclude Include="Command.h">
      <Filter>Command</Filter>
    </ClInclude>
    <ClInclude Include="AppHost.h">
      <Filter>AppHost</Filter>
    </ClInclude>
    <ClInclude Include="ConsoleHelper.h">
      <Filter>AppHost\Console</Filter>
    </ClInclude>
    <ClInclude Include="StringUtility.h">
      <Filter>Util</Filter>
    </ClInclude>
    <ClInclude Include="Profiler.h">
      <Filter>Profiler</Filter>
    </ClInclude>
    <ClInclude Include="FrameLimiter.h">
      <Filter>Profiler</Filter>
    </ClInclude>
    <ClInclude Include="Game.h" />
    <ClInclude Include="ConsoleWriteSurface.h">
      <Filter>Renderer\Console</Filter>
    </ClInclude>
    <ClInclude Include="ConsoleScreenBuffer.h">
      <Filter>Renderer\Console</Filter>
    </ClInclude>
    <ClInclude Include="WriteSurface.h">
      <Filter>Renderer</Filter>
    </ClInclude>
    <ClInclude Include="ScreenBuffer.h">
      <Filter>Renderer</Filter>
    </ClInclude>
  </ItemGroup>
</Project>