<?xml version="1.0" encoding="utf-8"?>
<Project ToolsVersion="4.0" xmlns="http://schemas.microsoft.com/developer/msbuild/2003">
  <ItemGroup>
    <Filter Include="Util">
      <UniqueIdentifier>{643a69d9-0080-4b81-873d-6f112f263940}</UniqueIdentifier>
    </Filter>
    <Filter Include="Grid">
      <UniqueIdentifier>{ac6dc7af-cee2-43e1-b66c-08b65e9f3869}</UniqueIdentifier>
    </Filter>
  </ItemGroup>
  <ItemGroup>
    <ClCompile Include="CppConveyor.cpp" />
    <ClCompile Include="Sequence.cpp">
      <Filter>Grid</Filter>
    </ClCompile>
    <ClCompile Include="Grid.cpp">
      <Filter>Grid</Filter>
    </ClCompile>
    <ClCompile Include="Simulator.cpp" />
    <ClCompile Include="Renderer.cpp" />
    <ClCompile Include="FileReader.cpp" />
  </ItemGroup>
  <ItemGroup>
    <ClInclude Include="vector_set.h">
      <Filter>Util</Filter>
    </ClInclude>
    <ClInclude Include="Enums.h" />
    <ClInclude Include="Position.h" />
    <ClInclude Include="Entity.h">
      <Filter>Grid</Filter>
    </ClInclude>
    <ClInclude Include="Item.h">
      <Filter>Grid</Filter>
    </ClInclude>
    <ClInclude Include="Conveyor.h">
      <Filter>Grid</Filter>
    </ClInclude>
    <ClInclude Include="Sequence.h">
      <Filter>Grid</Filter>
    </ClInclude>
    <ClInclude Include="Grid.h">
      <Filter>Grid</Filter>
    </ClInclude>
    <ClInclude Include="Renderer.h" />
    <ClInclude Include="Simulator.h" />
    <ClInclude Include="Producer.h">
      <Filter>Grid</Filter>
    </ClInclude>
    <ClInclude Include="FileReader.h" />
  </ItemGroup>
</Project>